// !$*UTF8*$!
{
	archiveVersion = 1;
	classes = {
	};
	objectVersion = 46;
	objects = {

/* Begin PBXBuildFile section */
		247857F7A6FC23532120232D /* Pods_SudokuTests.framework in Frameworks */ = {isa = PBXBuildFile; fileRef = 6934CAE741A6BACFB3A2DCAE /* Pods_SudokuTests.framework */; };
		58BD3FCC32C7C5D32F00C55F /* Pods_Sudoku.framework in Frameworks */ = {isa = PBXBuildFile; fileRef = 0DD0DD777CB9E34573E0727B /* Pods_Sudoku.framework */; };
		62CBCFFF25A42BE60099BFE0 /* FlatButton.swift in Sources */ = {isa = PBXBuildFile; fileRef = 62CBCFFE25A42BE60099BFE0 /* FlatButton.swift */; };
		62CBD00325A44DC10099BFE0 /* NineGridButton.m in Sources */ = {isa = PBXBuildFile; fileRef = 62CBD00225A44DC10099BFE0 /* NineGridButton.m */; };
		62CBD00725A456590099BFE0 /* Util.m in Sources */ = {isa = PBXBuildFile; fileRef = 62CBD00625A456590099BFE0 /* Util.m */; };
		62F921B725A756ED0057612B /* ImagesiOS.xcassets in Resources */ = {isa = PBXBuildFile; fileRef = 62F921B625A756ED0057612B /* ImagesiOS.xcassets */; };
		708F99DA78F24A78B7DBBF30 /* Pods_SudokuiOS.framework in Frameworks */ = {isa = PBXBuildFile; fileRef = 75334774AA9302BA189B0131 /* Pods_SudokuiOS.framework */; };
		776D966C16FD1A9A00699C4E /* SudokuiOSView.mm in Sources */ = {isa = PBXBuildFile; fileRef = 776D966B16FD1A9A00699C4E /* SudokuiOSView.mm */; };
		776D966F16FD1AB500699C4E /* SudokuiOSModel.mm in Sources */ = {isa = PBXBuildFile; fileRef = 776D966E16FD1AB500699C4E /* SudokuiOSModel.mm */; };
		7787D1CD16FD1A59006BC582 /* UIKit.framework in Frameworks */ = {isa = PBXBuildFile; fileRef = 7790DC7916FCCAFA0099151B /* UIKit.framework */; settings = {ATTRIBUTES = (Required, ); }; };
		7787D1D516FD1A59006BC582 /* InfoPlist.strings in Resources */ = {isa = PBXBuildFile; fileRef = 7787D1D316FD1A59006BC582 /* InfoPlist.strings */; };
		7787D1D716FD1A59006BC582 /* main.m in Sources */ = {isa = PBXBuildFile; fileRef = 7787D1D616FD1A59006BC582 /* main.m */; };
		7787D1DB16FD1A59006BC582 /* SudokuiOSAppDelegate.mm in Sources */ = {isa = PBXBuildFile; fileRef = 7787D1DA16FD1A59006BC582 /* SudokuiOSAppDelegate.mm */; };
		7787D1DD16FD1A59006BC582 /* Default.png in Resources */ = {isa = PBXBuildFile; fileRef = 7787D1DC16FD1A59006BC582 /* Default.png */; };
		7787D1DF16FD1A59006BC582 /* Default@2x.png in Resources */ = {isa = PBXBuildFile; fileRef = 7787D1DE16FD1A59006BC582 /* Default@2x.png */; };
		7787D1E116FD1A59006BC582 /* Default-568h@2x.png in Resources */ = {isa = PBXBuildFile; fileRef = 7787D1E016FD1A59006BC582 /* Default-568h@2x.png */; };
		7787D1E416FD1A59006BC582 /* SudokuiOSViewController.mm in Sources */ = {isa = PBXBuildFile; fileRef = 7787D1E316FD1A59006BC582 /* SudokuiOSViewController.mm */; };
		7787D1E716FD1A59006BC582 /* SudokuiOSViewController_iPhone.xib in Resources */ = {isa = PBXBuildFile; fileRef = 7787D1E516FD1A59006BC582 /* SudokuiOSViewController_iPhone.xib */; };
		7787D1EA16FD1A59006BC582 /* SudokuiOSViewController_iPad.xib in Resources */ = {isa = PBXBuildFile; fileRef = 7787D1E816FD1A59006BC582 /* SudokuiOSViewController_iPad.xib */; };
		7787D1F116FD1A59006BC582 /* SenTestingKit.framework in Frameworks */ = {isa = PBXBuildFile; fileRef = 77F4337E16F28A0D0092402F /* SenTestingKit.framework */; };
		7787D1F216FD1A59006BC582 /* UIKit.framework in Frameworks */ = {isa = PBXBuildFile; fileRef = 7790DC7916FCCAFA0099151B /* UIKit.framework */; };
		7787D1FB16FD1A59006BC582 /* InfoPlist.strings in Resources */ = {isa = PBXBuildFile; fileRef = 7787D1F916FD1A59006BC582 /* InfoPlist.strings */; };
		7787D1FE16FD1A59006BC582 /* SudokuiOSTests.m in Sources */ = {isa = PBXBuildFile; fileRef = 7787D1FD16FD1A59006BC582 /* SudokuiOSTests.m */; };
		7794B65D16FE7AA500786069 /* qqwing.cpp in Sources */ = {isa = PBXBuildFile; fileRef = 77F433A116F28BEB0092402F /* qqwing.cpp */; };
		77EA611E16FD447C007BF527 /* Foundation.framework in Frameworks */ = {isa = PBXBuildFile; fileRef = 77EA611D16FD447C007BF527 /* Foundation.framework */; };
		77EA611F16FD447C007BF527 /* Foundation.framework in Frameworks */ = {isa = PBXBuildFile; fileRef = 77EA611D16FD447C007BF527 /* Foundation.framework */; };
		77EA612116FD4490007BF527 /* CoreGraphics.framework in Frameworks */ = {isa = PBXBuildFile; fileRef = 77EA612016FD4490007BF527 /* CoreGraphics.framework */; };
		77EA612216FD4490007BF527 /* CoreGraphics.framework in Frameworks */ = {isa = PBXBuildFile; fileRef = 77EA612016FD4490007BF527 /* CoreGraphics.framework */; };
		77F4336116F28A0D0092402F /* Cocoa.framework in Frameworks */ = {isa = PBXBuildFile; fileRef = 77F4336016F28A0D0092402F /* Cocoa.framework */; };
		77F4336B16F28A0D0092402F /* InfoPlist.strings in Resources */ = {isa = PBXBuildFile; fileRef = 77F4336916F28A0D0092402F /* InfoPlist.strings */; };
		77F4336D16F28A0D0092402F /* main.m in Sources */ = {isa = PBXBuildFile; fileRef = 77F4336C16F28A0D0092402F /* main.m */; };
		77F4337116F28A0D0092402F /* Credits.rtf in Resources */ = {isa = PBXBuildFile; fileRef = 77F4336F16F28A0D0092402F /* Credits.rtf */; };
		77F4337416F28A0D0092402F /* RKAppDelegate.mm in Sources */ = {isa = PBXBuildFile; fileRef = 77F4337316F28A0D0092402F /* RKAppDelegate.mm */; };
		77F4337716F28A0D0092402F /* MainMenu.xib in Resources */ = {isa = PBXBuildFile; fileRef = 77F4337516F28A0D0092402F /* MainMenu.xib */; };
		77F4337F16F28A0D0092402F /* SenTestingKit.framework in Frameworks */ = {isa = PBXBuildFile; fileRef = 77F4337E16F28A0D0092402F /* SenTestingKit.framework */; };
		77F4338016F28A0D0092402F /* Cocoa.framework in Frameworks */ = {isa = PBXBuildFile; fileRef = 77F4336016F28A0D0092402F /* Cocoa.framework */; };
		77F4338816F28A0D0092402F /* InfoPlist.strings in Resources */ = {isa = PBXBuildFile; fileRef = 77F4338616F28A0D0092402F /* InfoPlist.strings */; };
		77F4338B16F28A0D0092402F /* SudokuTests.m in Sources */ = {isa = PBXBuildFile; fileRef = 77F4338A16F28A0D0092402F /* SudokuTests.m */; };
		77F433A316F28BEB0092402F /* qqwing.cpp in Sources */ = {isa = PBXBuildFile; fileRef = 77F433A116F28BEB0092402F /* qqwing.cpp */; };
		77F433A416F28BEB0092402F /* qqwing.cpp in Sources */ = {isa = PBXBuildFile; fileRef = 77F433A116F28BEB0092402F /* qqwing.cpp */; };
		77F433A716F28CE20092402F /* SudokuModel.mm in Sources */ = {isa = PBXBuildFile; fileRef = 77F433A616F28CE20092402F /* SudokuModel.mm */; };
		77F433A816F28CE20092402F /* SudokuModel.mm in Sources */ = {isa = PBXBuildFile; fileRef = 77F433A616F28CE20092402F /* SudokuModel.mm */; };
		77F433B616F294D10092402F /* SudokuView.mm in Sources */ = {isa = PBXBuildFile; fileRef = 77F433B516F294D10092402F /* SudokuView.mm */; };
		77F433B716F294D10092402F /* SudokuView.mm in Sources */ = {isa = PBXBuildFile; fileRef = 77F433B516F294D10092402F /* SudokuView.mm */; };
		CBCEEB1725A0BD0700A10889 /* Images.xcassets in Resources */ = {isa = PBXBuildFile; fileRef = CBCEEB1625A0BD0700A10889 /* Images.xcassets */; };
		CE6B25E49CEC8F2A6DE59A21 /* Pods_SudokuiOSTests.framework in Frameworks */ = {isa = PBXBuildFile; fileRef = 114A18B9855FEC92B6F45E52 /* Pods_SudokuiOSTests.framework */; };
/* End PBXBuildFile section */

/* Begin PBXContainerItemProxy section */
		7787D1F416FD1A59006BC582 /* PBXContainerItemProxy */ = {
			isa = PBXContainerItemProxy;
			containerPortal = 77F4335516F28A0D0092402F /* Project object */;
			proxyType = 1;
			remoteGlobalIDString = 7787D1CB16FD1A59006BC582;
			remoteInfo = SudokuiOS;
		};
		77F4338116F28A0D0092402F /* PBXContainerItemProxy */ = {
			isa = PBXContainerItemProxy;
			containerPortal = 77F4335516F28A0D0092402F /* Project object */;
			proxyType = 1;
			remoteGlobalIDString = 77F4335C16F28A0D0092402F;
			remoteInfo = Sudoku;
		};
/* End PBXContainerItemProxy section */

/* Begin PBXCopyFilesBuildPhase section */
		CBCEEAF625A0B4FA00A10889 /* Embed Frameworks */ = {
			isa = PBXCopyFilesBuildPhase;
			buildActionMask = 2147483647;
			dstPath = "";
			dstSubfolderSpec = 10;
			files = (
			);
			name = "Embed Frameworks";
			runOnlyForDeploymentPostprocessing = 0;
		};
/* End PBXCopyFilesBuildPhase section */

/* Begin PBXFileReference section */
		0DD0DD777CB9E34573E0727B /* Pods_Sudoku.framework */ = {isa = PBXFileReference; explicitFileType = wrapper.framework; includeInIndex = 0; path = Pods_Sudoku.framework; sourceTree = BUILT_PRODUCTS_DIR; };
		114A18B9855FEC92B6F45E52 /* Pods_SudokuiOSTests.framework */ = {isa = PBXFileReference; explicitFileType = wrapper.framework; includeInIndex = 0; path = Pods_SudokuiOSTests.framework; sourceTree = BUILT_PRODUCTS_DIR; };
		14F43350C73AE72D6581526B /* Pods-SudokuiOSTests.release.xcconfig */ = {isa = PBXFileReference; includeInIndex = 1; lastKnownFileType = text.xcconfig; name = "Pods-SudokuiOSTests.release.xcconfig"; path = "Target Support Files/Pods-SudokuiOSTests/Pods-SudokuiOSTests.release.xcconfig"; sourceTree = "<group>"; };
		1867292D95C53FAA68EA3633 /* Pods-SudokuiOS.release.xcconfig */ = {isa = PBXFileReference; includeInIndex = 1; lastKnownFileType = text.xcconfig; name = "Pods-SudokuiOS.release.xcconfig"; path = "Target Support Files/Pods-SudokuiOS/Pods-SudokuiOS.release.xcconfig"; sourceTree = "<group>"; };
		5746FF6D03A9B5D27B2A2BE4 /* Pods-SYFlatButton.debug.xcconfig */ = {isa = PBXFileReference; includeInIndex = 1; lastKnownFileType = text.xcconfig; name = "Pods-SYFlatButton.debug.xcconfig"; path = "Target Support Files/Pods-SYFlatButton/Pods-SYFlatButton.debug.xcconfig"; sourceTree = "<group>"; };
		62CBCFFD25A42BE60099BFE0 /* Sudoku-Bridging-Header.h */ = {isa = PBXFileReference; lastKnownFileType = sourcecode.c.h; path = "Sudoku-Bridging-Header.h"; sourceTree = "<group>"; };
		62CBCFFE25A42BE60099BFE0 /* FlatButton.swift */ = {isa = PBXFileReference; lastKnownFileType = sourcecode.swift; path = FlatButton.swift; sourceTree = "<group>"; };
		62CBD00225A44DC10099BFE0 /* NineGridButton.m */ = {isa = PBXFileReference; lastKnownFileType = sourcecode.c.objc; path = NineGridButton.m; sourceTree = "<group>"; };
		62CBD00425A44ECC0099BFE0 /* NineGridButton.h */ = {isa = PBXFileReference; lastKnownFileType = sourcecode.c.h; path = NineGridButton.h; sourceTree = "<group>"; };
		62CBD00525A4534E0099BFE0 /* Util.h */ = {isa = PBXFileReference; lastKnownFileType = sourcecode.c.h; path = Util.h; sourceTree = "<group>"; };
		62CBD00625A456590099BFE0 /* Util.m */ = {isa = PBXFileReference; lastKnownFileType = sourcecode.c.objc; path = Util.m; sourceTree = "<group>"; };
		62F921B625A756ED0057612B /* ImagesiOS.xcassets */ = {isa = PBXFileReference; lastKnownFileType = folder.assetcatalog; path = ImagesiOS.xcassets; sourceTree = "<group>"; };
		67EAC248159231A31EC9044F /* Pods-SudokuiOSTests.debug.xcconfig */ = {isa = PBXFileReference; includeInIndex = 1; lastKnownFileType = text.xcconfig; name = "Pods-SudokuiOSTests.debug.xcconfig"; path = "Target Support Files/Pods-SudokuiOSTests/Pods-SudokuiOSTests.debug.xcconfig"; sourceTree = "<group>"; };
		6934CAE741A6BACFB3A2DCAE /* Pods_SudokuTests.framework */ = {isa = PBXFileReference; explicitFileType = wrapper.framework; includeInIndex = 0; path = Pods_SudokuTests.framework; sourceTree = BUILT_PRODUCTS_DIR; };
		75334774AA9302BA189B0131 /* Pods_SudokuiOS.framework */ = {isa = PBXFileReference; explicitFileType = wrapper.framework; includeInIndex = 0; path = Pods_SudokuiOS.framework; sourceTree = BUILT_PRODUCTS_DIR; };
		776D966A16FD1A9A00699C4E /* SudokuiOSView.h */ = {isa = PBXFileReference; fileEncoding = 4; lastKnownFileType = sourcecode.c.h; path = SudokuiOSView.h; sourceTree = "<group>"; };
		776D966B16FD1A9A00699C4E /* SudokuiOSView.mm */ = {isa = PBXFileReference; fileEncoding = 4; lastKnownFileType = sourcecode.cpp.objcpp; path = SudokuiOSView.mm; sourceTree = "<group>"; };
		776D966D16FD1AB500699C4E /* SudokuiOSModel.h */ = {isa = PBXFileReference; fileEncoding = 4; lastKnownFileType = sourcecode.c.h; path = SudokuiOSModel.h; sourceTree = "<group>"; };
		776D966E16FD1AB500699C4E /* SudokuiOSModel.mm */ = {isa = PBXFileReference; fileEncoding = 4; lastKnownFileType = sourcecode.cpp.objcpp; path = SudokuiOSModel.mm; sourceTree = "<group>"; };
		7787D1CC16FD1A59006BC582 /* SudokuiOS.app */ = {isa = PBXFileReference; explicitFileType = wrapper.application; includeInIndex = 0; path = SudokuiOS.app; sourceTree = BUILT_PRODUCTS_DIR; };
		7787D1D216FD1A59006BC582 /* SudokuiOS-Info.plist */ = {isa = PBXFileReference; lastKnownFileType = text.plist.xml; path = "SudokuiOS-Info.plist"; sourceTree = "<group>"; };
		7787D1D416FD1A59006BC582 /* en */ = {isa = PBXFileReference; lastKnownFileType = text.plist.strings; name = en; path = en.lproj/InfoPlist.strings; sourceTree = "<group>"; };
		7787D1D616FD1A59006BC582 /* main.m */ = {isa = PBXFileReference; lastKnownFileType = sourcecode.c.objc; path = main.m; sourceTree = "<group>"; };
		7787D1D816FD1A59006BC582 /* SudokuiOS-Prefix.pch */ = {isa = PBXFileReference; lastKnownFileType = sourcecode.c.h; path = "SudokuiOS-Prefix.pch"; sourceTree = "<group>"; };
		7787D1D916FD1A59006BC582 /* SudokuiOSAppDelegate.h */ = {isa = PBXFileReference; lastKnownFileType = sourcecode.c.h; path = SudokuiOSAppDelegate.h; sourceTree = "<group>"; };
		7787D1DA16FD1A59006BC582 /* SudokuiOSAppDelegate.mm */ = {isa = PBXFileReference; lastKnownFileType = sourcecode.cpp.objcpp; path = SudokuiOSAppDelegate.mm; sourceTree = "<group>"; };
		7787D1DC16FD1A59006BC582 /* Default.png */ = {isa = PBXFileReference; lastKnownFileType = image.png; path = Default.png; sourceTree = "<group>"; };
		7787D1DE16FD1A59006BC582 /* Default@2x.png */ = {isa = PBXFileReference; lastKnownFileType = image.png; path = "Default@2x.png"; sourceTree = "<group>"; };
		7787D1E016FD1A59006BC582 /* Default-568h@2x.png */ = {isa = PBXFileReference; lastKnownFileType = image.png; path = "Default-568h@2x.png"; sourceTree = "<group>"; };
		7787D1E216FD1A59006BC582 /* SudokuiOSViewController.h */ = {isa = PBXFileReference; lastKnownFileType = sourcecode.c.h; path = SudokuiOSViewController.h; sourceTree = "<group>"; };
		7787D1E316FD1A59006BC582 /* SudokuiOSViewController.mm */ = {isa = PBXFileReference; lastKnownFileType = sourcecode.cpp.objcpp; path = SudokuiOSViewController.mm; sourceTree = "<group>"; };
		7787D1E616FD1A59006BC582 /* en */ = {isa = PBXFileReference; lastKnownFileType = file.xib; name = en; path = en.lproj/SudokuiOSViewController_iPhone.xib; sourceTree = "<group>"; };
		7787D1E916FD1A59006BC582 /* en */ = {isa = PBXFileReference; lastKnownFileType = file.xib; name = en; path = en.lproj/SudokuiOSViewController_iPad.xib; sourceTree = "<group>"; };
		7787D1F016FD1A59006BC582 /* SudokuiOSTests.octest */ = {isa = PBXFileReference; explicitFileType = wrapper.cfbundle; includeInIndex = 0; path = SudokuiOSTests.octest; sourceTree = BUILT_PRODUCTS_DIR; };
		7787D1F816FD1A59006BC582 /* SudokuiOSTests-Info.plist */ = {isa = PBXFileReference; lastKnownFileType = text.plist.xml; path = "SudokuiOSTests-Info.plist"; sourceTree = "<group>"; };
		7787D1FA16FD1A59006BC582 /* en */ = {isa = PBXFileReference; lastKnownFileType = text.plist.strings; name = en; path = en.lproj/InfoPlist.strings; sourceTree = "<group>"; };
		7787D1FC16FD1A59006BC582 /* SudokuiOSTests.h */ = {isa = PBXFileReference; lastKnownFileType = sourcecode.c.h; path = SudokuiOSTests.h; sourceTree = "<group>"; };
		7787D1FD16FD1A59006BC582 /* SudokuiOSTests.m */ = {isa = PBXFileReference; lastKnownFileType = sourcecode.c.objc; path = SudokuiOSTests.m; sourceTree = "<group>"; };
		7790DC7916FCCAFA0099151B /* UIKit.framework */ = {isa = PBXFileReference; lastKnownFileType = wrapper.framework; name = UIKit.framework; path = Library/Frameworks/UIKit.framework; sourceTree = DEVELOPER_DIR; };
		77EA611D16FD447C007BF527 /* Foundation.framework */ = {isa = PBXFileReference; lastKnownFileType = wrapper.framework; name = Foundation.framework; path = System/Library/Frameworks/Foundation.framework; sourceTree = SDKROOT; };
		77EA612016FD4490007BF527 /* CoreGraphics.framework */ = {isa = PBXFileReference; lastKnownFileType = wrapper.framework; name = CoreGraphics.framework; path = System/Library/Frameworks/CoreGraphics.framework; sourceTree = SDKROOT; };
		77F4335D16F28A0D0092402F /* Sudoku.app */ = {isa = PBXFileReference; explicitFileType = wrapper.application; includeInIndex = 0; path = Sudoku.app; sourceTree = BUILT_PRODUCTS_DIR; };
		77F4336016F28A0D0092402F /* Cocoa.framework */ = {isa = PBXFileReference; lastKnownFileType = wrapper.framework; name = Cocoa.framework; path = System/Library/Frameworks/Cocoa.framework; sourceTree = SDKROOT; };
		77F4336316F28A0D0092402F /* AppKit.framework */ = {isa = PBXFileReference; lastKnownFileType = wrapper.framework; name = AppKit.framework; path = System/Library/Frameworks/AppKit.framework; sourceTree = SDKROOT; };
		77F4336416F28A0D0092402F /* CoreData.framework */ = {isa = PBXFileReference; lastKnownFileType = wrapper.framework; name = CoreData.framework; path = System/Library/Frameworks/CoreData.framework; sourceTree = SDKROOT; };
		77F4336516F28A0D0092402F /* Foundation.framework */ = {isa = PBXFileReference; lastKnownFileType = wrapper.framework; name = Foundation.framework; path = System/Library/Frameworks/Foundation.framework; sourceTree = SDKROOT; };
		77F4336816F28A0D0092402F /* Sudoku-Info.plist */ = {isa = PBXFileReference; lastKnownFileType = text.plist.xml; path = "Sudoku-Info.plist"; sourceTree = "<group>"; };
		77F4336A16F28A0D0092402F /* en */ = {isa = PBXFileReference; lastKnownFileType = text.plist.strings; name = en; path = en.lproj/InfoPlist.strings; sourceTree = "<group>"; };
		77F4336C16F28A0D0092402F /* main.m */ = {isa = PBXFileReference; lastKnownFileType = sourcecode.c.objc; path = main.m; sourceTree = "<group>"; };
		77F4336E16F28A0D0092402F /* Sudoku-Prefix.pch */ = {isa = PBXFileReference; lastKnownFileType = sourcecode.c.h; path = "Sudoku-Prefix.pch"; sourceTree = "<group>"; };
		77F4337016F28A0D0092402F /* en */ = {isa = PBXFileReference; lastKnownFileType = text.rtf; name = en; path = en.lproj/Credits.rtf; sourceTree = "<group>"; };
		77F4337216F28A0D0092402F /* RKAppDelegate.h */ = {isa = PBXFileReference; lastKnownFileType = sourcecode.c.h; path = RKAppDelegate.h; sourceTree = "<group>"; };
		77F4337316F28A0D0092402F /* RKAppDelegate.mm */ = {isa = PBXFileReference; lastKnownFileType = sourcecode.cpp.objcpp; path = RKAppDelegate.mm; sourceTree = "<group>"; };
		77F4337616F28A0D0092402F /* en */ = {isa = PBXFileReference; lastKnownFileType = file.xib; name = en; path = en.lproj/MainMenu.xib; sourceTree = "<group>"; };
		77F4337D16F28A0D0092402F /* SudokuTests.octest */ = {isa = PBXFileReference; explicitFileType = wrapper.cfbundle; includeInIndex = 0; path = SudokuTests.octest; sourceTree = BUILT_PRODUCTS_DIR; };
		77F4337E16F28A0D0092402F /* SenTestingKit.framework */ = {isa = PBXFileReference; lastKnownFileType = wrapper.framework; name = SenTestingKit.framework; path = Library/Frameworks/SenTestingKit.framework; sourceTree = DEVELOPER_DIR; };
		77F4338516F28A0D0092402F /* SudokuTests-Info.plist */ = {isa = PBXFileReference; lastKnownFileType = text.plist.xml; path = "SudokuTests-Info.plist"; sourceTree = "<group>"; };
		77F4338716F28A0D0092402F /* en */ = {isa = PBXFileReference; lastKnownFileType = text.plist.strings; name = en; path = en.lproj/InfoPlist.strings; sourceTree = "<group>"; };
		77F4338916F28A0D0092402F /* SudokuTests.h */ = {isa = PBXFileReference; lastKnownFileType = sourcecode.c.h; path = SudokuTests.h; sourceTree = "<group>"; };
		77F4338A16F28A0D0092402F /* SudokuTests.m */ = {isa = PBXFileReference; lastKnownFileType = sourcecode.c.objc; path = SudokuTests.m; sourceTree = "<group>"; };
		77F433A016F28BEB0092402F /* config.h */ = {isa = PBXFileReference; fileEncoding = 4; lastKnownFileType = sourcecode.c.h; name = config.h; path = qqwing/config.h; sourceTree = "<group>"; };
		77F433A116F28BEB0092402F /* qqwing.cpp */ = {isa = PBXFileReference; fileEncoding = 4; lastKnownFileType = sourcecode.cpp.cpp; name = qqwing.cpp; path = qqwing/qqwing.cpp; sourceTree = "<group>"; };
		77F433A216F28BEB0092402F /* qqwing.h */ = {isa = PBXFileReference; explicitFileType = sourcecode.cpp.objcpp; fileEncoding = 4; name = qqwing.h; path = qqwing/qqwing.h; sourceTree = "<group>"; };
		77F433A516F28CE20092402F /* SudokuModel.h */ = {isa = PBXFileReference; fileEncoding = 4; lastKnownFileType = sourcecode.c.h; path = SudokuModel.h; sourceTree = "<group>"; };
		77F433A616F28CE20092402F /* SudokuModel.mm */ = {isa = PBXFileReference; explicitFileType = sourcecode.cpp.objcpp; fileEncoding = 4; path = SudokuModel.mm; sourceTree = "<group>"; };
		77F433B416F294D10092402F /* SudokuView.h */ = {isa = PBXFileReference; fileEncoding = 4; lastKnownFileType = sourcecode.c.h; path = SudokuView.h; sourceTree = "<group>"; };
		77F433B516F294D10092402F /* SudokuView.mm */ = {isa = PBXFileReference; fileEncoding = 4; lastKnownFileType = sourcecode.cpp.objcpp; path = SudokuView.mm; sourceTree = "<group>"; };
		9B308311FE8D987DA54B0C03 /* Pods-SYFlatButton.release.xcconfig */ = {isa = PBXFileReference; includeInIndex = 1; lastKnownFileType = text.xcconfig; name = "Pods-SYFlatButton.release.xcconfig"; path = "Target Support Files/Pods-SYFlatButton/Pods-SYFlatButton.release.xcconfig"; sourceTree = "<group>"; };
		AD10C0C3B1E1346701C89E1E /* Pods-Sudoku.debug.xcconfig */ = {isa = PBXFileReference; includeInIndex = 1; lastKnownFileType = text.xcconfig; name = "Pods-Sudoku.debug.xcconfig"; path = "Target Support Files/Pods-Sudoku/Pods-Sudoku.debug.xcconfig"; sourceTree = "<group>"; };
		AE524CB6112873B003C7F164 /* Pods_SYFlatButton.framework */ = {isa = PBXFileReference; explicitFileType = wrapper.framework; includeInIndex = 0; path = Pods_SYFlatButton.framework; sourceTree = BUILT_PRODUCTS_DIR; };
		B9E4BD106CF464AA383E23C3 /* Pods-Sudoku.release.xcconfig */ = {isa = PBXFileReference; includeInIndex = 1; lastKnownFileType = text.xcconfig; name = "Pods-Sudoku.release.xcconfig"; path = "Target Support Files/Pods-Sudoku/Pods-Sudoku.release.xcconfig"; sourceTree = "<group>"; };
		CA77D7529DC82608A5FA6359 /* Pods-SudokuTests.release.xcconfig */ = {isa = PBXFileReference; includeInIndex = 1; lastKnownFileType = text.xcconfig; name = "Pods-SudokuTests.release.xcconfig"; path = "Target Support Files/Pods-SudokuTests/Pods-SudokuTests.release.xcconfig"; sourceTree = "<group>"; };
		CBCEEB1625A0BD0700A10889 /* Images.xcassets */ = {isa = PBXFileReference; lastKnownFileType = folder.assetcatalog; path = Images.xcassets; sourceTree = "<group>"; };
		E340CFFE7A0BDEFC41D647B6 /* Pods-SudokuTests.debug.xcconfig */ = {isa = PBXFileReference; includeInIndex = 1; lastKnownFileType = text.xcconfig; name = "Pods-SudokuTests.debug.xcconfig"; path = "Target Support Files/Pods-SudokuTests/Pods-SudokuTests.debug.xcconfig"; sourceTree = "<group>"; };
		FD95EFF727B0026EFDE6AF7E /* Pods-SudokuiOS.debug.xcconfig */ = {isa = PBXFileReference; includeInIndex = 1; lastKnownFileType = text.xcconfig; name = "Pods-SudokuiOS.debug.xcconfig"; path = "Target Support Files/Pods-SudokuiOS/Pods-SudokuiOS.debug.xcconfig"; sourceTree = "<group>"; };
/* End PBXFileReference section */

/* Begin PBXFrameworksBuildPhase section */
		7787D1C916FD1A59006BC582 /* Frameworks */ = {
			isa = PBXFrameworksBuildPhase;
			buildActionMask = 2147483647;
			files = (
				7787D1CD16FD1A59006BC582 /* UIKit.framework in Frameworks */,
				77EA611F16FD447C007BF527 /* Foundation.framework in Frameworks */,
				77EA612216FD4490007BF527 /* CoreGraphics.framework in Frameworks */,
				708F99DA78F24A78B7DBBF30 /* Pods_SudokuiOS.framework in Frameworks */,
			);
			runOnlyForDeploymentPostprocessing = 0;
		};
		7787D1EC16FD1A59006BC582 /* Frameworks */ = {
			isa = PBXFrameworksBuildPhase;
			buildActionMask = 2147483647;
			files = (
				7787D1F116FD1A59006BC582 /* SenTestingKit.framework in Frameworks */,
				7787D1F216FD1A59006BC582 /* UIKit.framework in Frameworks */,
				CE6B25E49CEC8F2A6DE59A21 /* Pods_SudokuiOSTests.framework in Frameworks */,
			);
			runOnlyForDeploymentPostprocessing = 0;
		};
		77F4335A16F28A0D0092402F /* Frameworks */ = {
			isa = PBXFrameworksBuildPhase;
			buildActionMask = 2147483647;
			files = (
				77F4336116F28A0D0092402F /* Cocoa.framework in Frameworks */,
				77EA611E16FD447C007BF527 /* Foundation.framework in Frameworks */,
				77EA612116FD4490007BF527 /* CoreGraphics.framework in Frameworks */,
				58BD3FCC32C7C5D32F00C55F /* Pods_Sudoku.framework in Frameworks */,
			);
			runOnlyForDeploymentPostprocessing = 0;
		};
		77F4337916F28A0D0092402F /* Frameworks */ = {
			isa = PBXFrameworksBuildPhase;
			buildActionMask = 2147483647;
			files = (
				77F4337F16F28A0D0092402F /* SenTestingKit.framework in Frameworks */,
				77F4338016F28A0D0092402F /* Cocoa.framework in Frameworks */,
				247857F7A6FC23532120232D /* Pods_SudokuTests.framework in Frameworks */,
			);
			runOnlyForDeploymentPostprocessing = 0;
		};
/* End PBXFrameworksBuildPhase section */

/* Begin PBXGroup section */
		7787D1D016FD1A59006BC582 /* SudokuiOS */ = {
			isa = PBXGroup;
			children = (
				62F921B625A756ED0057612B /* ImagesiOS.xcassets */,
				7787D1D916FD1A59006BC582 /* SudokuiOSAppDelegate.h */,
				7787D1DA16FD1A59006BC582 /* SudokuiOSAppDelegate.mm */,
				7787D1E216FD1A59006BC582 /* SudokuiOSViewController.h */,
				7787D1E316FD1A59006BC582 /* SudokuiOSViewController.mm */,
				7787D1E516FD1A59006BC582 /* SudokuiOSViewController_iPhone.xib */,
				7787D1E816FD1A59006BC582 /* SudokuiOSViewController_iPad.xib */,
				776D966A16FD1A9A00699C4E /* SudokuiOSView.h */,
				776D966B16FD1A9A00699C4E /* SudokuiOSView.mm */,
				776D966D16FD1AB500699C4E /* SudokuiOSModel.h */,
				776D966E16FD1AB500699C4E /* SudokuiOSModel.mm */,
				7787D1D116FD1A59006BC582 /* Supporting Files */,
			);
			path = SudokuiOS;
			sourceTree = "<group>";
		};
		7787D1D116FD1A59006BC582 /* Supporting Files */ = {
			isa = PBXGroup;
			children = (
				7787D1D216FD1A59006BC582 /* SudokuiOS-Info.plist */,
				7787D1D316FD1A59006BC582 /* InfoPlist.strings */,
				7787D1D616FD1A59006BC582 /* main.m */,
				7787D1D816FD1A59006BC582 /* SudokuiOS-Prefix.pch */,
				7787D1DC16FD1A59006BC582 /* Default.png */,
				7787D1DE16FD1A59006BC582 /* Default@2x.png */,
				7787D1E016FD1A59006BC582 /* Default-568h@2x.png */,
			);
			name = "Supporting Files";
			sourceTree = "<group>";
		};
		7787D1F616FD1A59006BC582 /* SudokuiOSTests */ = {
			isa = PBXGroup;
			children = (
				7787D1FC16FD1A59006BC582 /* SudokuiOSTests.h */,
				7787D1FD16FD1A59006BC582 /* SudokuiOSTests.m */,
				7787D1F716FD1A59006BC582 /* Supporting Files */,
			);
			path = SudokuiOSTests;
			sourceTree = "<group>";
		};
		7787D1F716FD1A59006BC582 /* Supporting Files */ = {
			isa = PBXGroup;
			children = (
				7787D1F816FD1A59006BC582 /* SudokuiOSTests-Info.plist */,
				7787D1F916FD1A59006BC582 /* InfoPlist.strings */,
			);
			name = "Supporting Files";
			sourceTree = "<group>";
		};
		77F4335416F28A0D0092402F = {
			isa = PBXGroup;
			children = (
				77F4339716F28B470092402F /* qqwing */,
				77F4336616F28A0D0092402F /* Sudoku */,
				77F4338316F28A0D0092402F /* SudokuTests */,
				7787D1D016FD1A59006BC582 /* SudokuiOS */,
				7787D1F616FD1A59006BC582 /* SudokuiOSTests */,
				77F4335F16F28A0D0092402F /* Frameworks */,
				77F4335E16F28A0D0092402F /* Products */,
				9CC620913D4B591340793E13 /* Pods */,
			);
			sourceTree = "<group>";
		};
		77F4335E16F28A0D0092402F /* Products */ = {
			isa = PBXGroup;
			children = (
				77F4335D16F28A0D0092402F /* Sudoku.app */,
				77F4337D16F28A0D0092402F /* SudokuTests.octest */,
				7787D1CC16FD1A59006BC582 /* SudokuiOS.app */,
				7787D1F016FD1A59006BC582 /* SudokuiOSTests.octest */,
			);
			name = Products;
			sourceTree = "<group>";
		};
		77F4335F16F28A0D0092402F /* Frameworks */ = {
			isa = PBXGroup;
			children = (
				77F4336016F28A0D0092402F /* Cocoa.framework */,
				77F4337E16F28A0D0092402F /* SenTestingKit.framework */,
				7790DC7916FCCAFA0099151B /* UIKit.framework */,
				77EA611D16FD447C007BF527 /* Foundation.framework */,
				77EA612016FD4490007BF527 /* CoreGraphics.framework */,
				77F4336216F28A0D0092402F /* Other Frameworks */,
				AE524CB6112873B003C7F164 /* Pods_SYFlatButton.framework */,
				0DD0DD777CB9E34573E0727B /* Pods_Sudoku.framework */,
				6934CAE741A6BACFB3A2DCAE /* Pods_SudokuTests.framework */,
				75334774AA9302BA189B0131 /* Pods_SudokuiOS.framework */,
				114A18B9855FEC92B6F45E52 /* Pods_SudokuiOSTests.framework */,
			);
			name = Frameworks;
			sourceTree = "<group>";
		};
		77F4336216F28A0D0092402F /* Other Frameworks */ = {
			isa = PBXGroup;
			children = (
				77F4336316F28A0D0092402F /* AppKit.framework */,
				77F4336416F28A0D0092402F /* CoreData.framework */,
				77F4336516F28A0D0092402F /* Foundation.framework */,
			);
			name = "Other Frameworks";
			sourceTree = "<group>";
		};
		77F4336616F28A0D0092402F /* Sudoku */ = {
			isa = PBXGroup;
			children = (
				77F4337216F28A0D0092402F /* RKAppDelegate.h */,
				77F4337316F28A0D0092402F /* RKAppDelegate.mm */,
				77F4337516F28A0D0092402F /* MainMenu.xib */,
				77F433A516F28CE20092402F /* SudokuModel.h */,
				77F433A616F28CE20092402F /* SudokuModel.mm */,
				77F433B416F294D10092402F /* SudokuView.h */,
				77F433B516F294D10092402F /* SudokuView.mm */,
				CBCEEB1625A0BD0700A10889 /* Images.xcassets */,
				77F4336716F28A0D0092402F /* Supporting Files */,
				62CBCFFE25A42BE60099BFE0 /* FlatButton.swift */,
				62CBCFFD25A42BE60099BFE0 /* Sudoku-Bridging-Header.h */,
				62CBD00425A44ECC0099BFE0 /* NineGridButton.h */,
				62CBD00225A44DC10099BFE0 /* NineGridButton.m */,
				62CBD00525A4534E0099BFE0 /* Util.h */,
				62CBD00625A456590099BFE0 /* Util.m */,
			);
			path = Sudoku;
			sourceTree = "<group>";
		};
		77F4336716F28A0D0092402F /* Supporting Files */ = {
			isa = PBXGroup;
			children = (
				77F4336816F28A0D0092402F /* Sudoku-Info.plist */,
				77F4336916F28A0D0092402F /* InfoPlist.strings */,
				77F4336C16F28A0D0092402F /* main.m */,
				77F4336E16F28A0D0092402F /* Sudoku-Prefix.pch */,
				77F4336F16F28A0D0092402F /* Credits.rtf */,
			);
			name = "Supporting Files";
			sourceTree = "<group>";
		};
		77F4338316F28A0D0092402F /* SudokuTests */ = {
			isa = PBXGroup;
			children = (
				77F4338916F28A0D0092402F /* SudokuTests.h */,
				77F4338A16F28A0D0092402F /* SudokuTests.m */,
				77F4338416F28A0D0092402F /* Supporting Files */,
			);
			path = SudokuTests;
			sourceTree = "<group>";
		};
		77F4338416F28A0D0092402F /* Supporting Files */ = {
			isa = PBXGroup;
			children = (
				77F4338516F28A0D0092402F /* SudokuTests-Info.plist */,
				77F4338616F28A0D0092402F /* InfoPlist.strings */,
			);
			name = "Supporting Files";
			sourceTree = "<group>";
		};
		77F4339716F28B470092402F /* qqwing */ = {
			isa = PBXGroup;
			children = (
				77F433A016F28BEB0092402F /* config.h */,
				77F433A116F28BEB0092402F /* qqwing.cpp */,
				77F433A216F28BEB0092402F /* qqwing.h */,
			);
			name = qqwing;
			sourceTree = "<group>";
		};
		9CC620913D4B591340793E13 /* Pods */ = {
			isa = PBXGroup;
			children = (
				5746FF6D03A9B5D27B2A2BE4 /* Pods-SYFlatButton.debug.xcconfig */,
				9B308311FE8D987DA54B0C03 /* Pods-SYFlatButton.release.xcconfig */,
				AD10C0C3B1E1346701C89E1E /* Pods-Sudoku.debug.xcconfig */,
				B9E4BD106CF464AA383E23C3 /* Pods-Sudoku.release.xcconfig */,
				E340CFFE7A0BDEFC41D647B6 /* Pods-SudokuTests.debug.xcconfig */,
				CA77D7529DC82608A5FA6359 /* Pods-SudokuTests.release.xcconfig */,
				FD95EFF727B0026EFDE6AF7E /* Pods-SudokuiOS.debug.xcconfig */,
				1867292D95C53FAA68EA3633 /* Pods-SudokuiOS.release.xcconfig */,
				67EAC248159231A31EC9044F /* Pods-SudokuiOSTests.debug.xcconfig */,
				14F43350C73AE72D6581526B /* Pods-SudokuiOSTests.release.xcconfig */,
			);
			path = Pods;
			sourceTree = "<group>";
		};
/* End PBXGroup section */

/* Begin PBXNativeTarget section */
		7787D1CB16FD1A59006BC582 /* SudokuiOS */ = {
			isa = PBXNativeTarget;
			buildConfigurationList = 7787D20316FD1A59006BC582 /* Build configuration list for PBXNativeTarget "SudokuiOS" */;
			buildPhases = (
				54B5887ECC48F93CB08940F5 /* [CP] Check Pods Manifest.lock */,
				7787D1C816FD1A59006BC582 /* Sources */,
				7787D1C916FD1A59006BC582 /* Frameworks */,
				7787D1CA16FD1A59006BC582 /* Resources */,
			);
			buildRules = (
			);
			dependencies = (
			);
			name = SudokuiOS;
			productName = SudokuiOS;
			productReference = 7787D1CC16FD1A59006BC582 /* SudokuiOS.app */;
			productType = "com.apple.product-type.application";
		};
		7787D1EF16FD1A59006BC582 /* SudokuiOSTests */ = {
			isa = PBXNativeTarget;
			buildConfigurationList = 7787D20416FD1A59006BC582 /* Build configuration list for PBXNativeTarget "SudokuiOSTests" */;
			buildPhases = (
				232B48C4F6BFF5C6AB1E1A96 /* [CP] Check Pods Manifest.lock */,
				7787D1EB16FD1A59006BC582 /* Sources */,
				7787D1EC16FD1A59006BC582 /* Frameworks */,
				7787D1ED16FD1A59006BC582 /* Resources */,
				7787D1EE16FD1A59006BC582 /* ShellScript */,
			);
			buildRules = (
			);
			dependencies = (
				7787D1F516FD1A59006BC582 /* PBXTargetDependency */,
			);
			name = SudokuiOSTests;
			productName = SudokuiOSTests;
			productReference = 7787D1F016FD1A59006BC582 /* SudokuiOSTests.octest */;
			productType = "com.apple.product-type.bundle";
		};
		77F4335C16F28A0D0092402F /* Sudoku */ = {
			isa = PBXNativeTarget;
			buildConfigurationList = 77F4338E16F28A0D0092402F /* Build configuration list for PBXNativeTarget "Sudoku" */;
			buildPhases = (
				F5B87DBBC17A93BBB3336516 /* [CP] Check Pods Manifest.lock */,
				77F4335916F28A0D0092402F /* Sources */,
				77F4335A16F28A0D0092402F /* Frameworks */,
				77F4335B16F28A0D0092402F /* Resources */,
				CBCEEAF625A0B4FA00A10889 /* Embed Frameworks */,
				DB92AF468D965EC88388ADA4 /* [CP] Embed Pods Frameworks */,
			);
			buildRules = (
			);
			dependencies = (
			);
			name = Sudoku;
			productName = Sudoku;
			productReference = 77F4335D16F28A0D0092402F /* Sudoku.app */;
			productType = "com.apple.product-type.application";
		};
		77F4337C16F28A0D0092402F /* SudokuTests */ = {
			isa = PBXNativeTarget;
			buildConfigurationList = 77F4339116F28A0D0092402F /* Build configuration list for PBXNativeTarget "SudokuTests" */;
			buildPhases = (
				CB884CE002E034875F9319FF /* [CP] Check Pods Manifest.lock */,
				77F4337816F28A0D0092402F /* Sources */,
				77F4337916F28A0D0092402F /* Frameworks */,
				77F4337A16F28A0D0092402F /* Resources */,
				77F4337B16F28A0D0092402F /* ShellScript */,
			);
			buildRules = (
			);
			dependencies = (
				77F4338216F28A0D0092402F /* PBXTargetDependency */,
			);
			name = SudokuTests;
			productName = SudokuTests;
			productReference = 77F4337D16F28A0D0092402F /* SudokuTests.octest */;
			productType = "com.apple.product-type.bundle";
		};
/* End PBXNativeTarget section */

/* Begin PBXProject section */
		77F4335516F28A0D0092402F /* Project object */ = {
			isa = PBXProject;
			attributes = {
				CLASSPREFIX = RK;
				LastUpgradeCheck = 0460;
				ORGANIZATIONNAME = "Rishi Kapadia";
				TargetAttributes = {
					77F4335C16F28A0D0092402F = {
						LastSwiftMigration = 1000;
					};
				};
			};
			buildConfigurationList = 77F4335816F28A0D0092402F /* Build configuration list for PBXProject "Sudoku" */;
			compatibilityVersion = "Xcode 3.2";
			developmentRegion = English;
			hasScannedForEncodings = 0;
			knownRegions = (
				English,
				en,
			);
			mainGroup = 77F4335416F28A0D0092402F;
			productRefGroup = 77F4335E16F28A0D0092402F /* Products */;
			projectDirPath = "";
			projectRoot = "";
			targets = (
				77F4335C16F28A0D0092402F /* Sudoku */,
				77F4337C16F28A0D0092402F /* SudokuTests */,
				7787D1CB16FD1A59006BC582 /* SudokuiOS */,
				7787D1EF16FD1A59006BC582 /* SudokuiOSTests */,
			);
		};
/* End PBXProject section */

/* Begin PBXResourcesBuildPhase section */
		7787D1CA16FD1A59006BC582 /* Resources */ = {
			isa = PBXResourcesBuildPhase;
			buildActionMask = 2147483647;
			files = (
				7787D1D516FD1A59006BC582 /* InfoPlist.strings in Resources */,
				7787D1DD16FD1A59006BC582 /* Default.png in Resources */,
				7787D1DF16FD1A59006BC582 /* Default@2x.png in Resources */,
				7787D1E116FD1A59006BC582 /* Default-568h@2x.png in Resources */,
				7787D1E716FD1A59006BC582 /* SudokuiOSViewController_iPhone.xib in Resources */,
				7787D1EA16FD1A59006BC582 /* SudokuiOSViewController_iPad.xib in Resources */,
				62F921B725A756ED0057612B /* ImagesiOS.xcassets in Resources */,
			);
			runOnlyForDeploymentPostprocessing = 0;
		};
		7787D1ED16FD1A59006BC582 /* Resources */ = {
			isa = PBXResourcesBuildPhase;
			buildActionMask = 2147483647;
			files = (
				7787D1FB16FD1A59006BC582 /* InfoPlist.strings in Resources */,
			);
			runOnlyForDeploymentPostprocessing = 0;
		};
		77F4335B16F28A0D0092402F /* Resources */ = {
			isa = PBXResourcesBuildPhase;
			buildActionMask = 2147483647;
			files = (
				77F4336B16F28A0D0092402F /* InfoPlist.strings in Resources */,
				CBCEEB1725A0BD0700A10889 /* Images.xcassets in Resources */,
				77F4337116F28A0D0092402F /* Credits.rtf in Resources */,
				77F4337716F28A0D0092402F /* MainMenu.xib in Resources */,
			);
			runOnlyForDeploymentPostprocessing = 0;
		};
		77F4337A16F28A0D0092402F /* Resources */ = {
			isa = PBXResourcesBuildPhase;
			buildActionMask = 2147483647;
			files = (
				77F4338816F28A0D0092402F /* InfoPlist.strings in Resources */,
			);
			runOnlyForDeploymentPostprocessing = 0;
		};
/* End PBXResourcesBuildPhase section */

/* Begin PBXShellScriptBuildPhase section */
		232B48C4F6BFF5C6AB1E1A96 /* [CP] Check Pods Manifest.lock */ = {
			isa = PBXShellScriptBuildPhase;
			buildActionMask = 2147483647;
			files = (
			);
			inputFileListPaths = (
			);
			inputPaths = (
				"${PODS_PODFILE_DIR_PATH}/Podfile.lock",
				"${PODS_ROOT}/Manifest.lock",
			);
			name = "[CP] Check Pods Manifest.lock";
			outputFileListPaths = (
			);
			outputPaths = (
				"$(DERIVED_FILE_DIR)/Pods-SudokuiOSTests-checkManifestLockResult.txt",
			);
			runOnlyForDeploymentPostprocessing = 0;
			shellPath = /bin/sh;
			shellScript = "diff \"${PODS_PODFILE_DIR_PATH}/Podfile.lock\" \"${PODS_ROOT}/Manifest.lock\" > /dev/null\nif [ $? != 0 ] ; then\n    # print error to STDERR\n    echo \"error: The sandbox is not in sync with the Podfile.lock. Run 'pod install' or update your CocoaPods installation.\" >&2\n    exit 1\nfi\n# This output is used by Xcode 'outputs' to avoid re-running this script phase.\necho \"SUCCESS\" > \"${SCRIPT_OUTPUT_FILE_0}\"\n";
			showEnvVarsInLog = 0;
		};
		54B5887ECC48F93CB08940F5 /* [CP] Check Pods Manifest.lock */ = {
			isa = PBXShellScriptBuildPhase;
			buildActionMask = 2147483647;
			files = (
			);
			inputFileListPaths = (
			);
			inputPaths = (
				"${PODS_PODFILE_DIR_PATH}/Podfile.lock",
				"${PODS_ROOT}/Manifest.lock",
			);
			name = "[CP] Check Pods Manifest.lock";
			outputFileListPaths = (
			);
			outputPaths = (
				"$(DERIVED_FILE_DIR)/Pods-SudokuiOS-checkManifestLockResult.txt",
			);
			runOnlyForDeploymentPostprocessing = 0;
			shellPath = /bin/sh;
			shellScript = "diff \"${PODS_PODFILE_DIR_PATH}/Podfile.lock\" \"${PODS_ROOT}/Manifest.lock\" > /dev/null\nif [ $? != 0 ] ; then\n    # print error to STDERR\n    echo \"error: The sandbox is not in sync with the Podfile.lock. Run 'pod install' or update your CocoaPods installation.\" >&2\n    exit 1\nfi\n# This output is used by Xcode 'outputs' to avoid re-running this script phase.\necho \"SUCCESS\" > \"${SCRIPT_OUTPUT_FILE_0}\"\n";
			showEnvVarsInLog = 0;
		};
		7787D1EE16FD1A59006BC582 /* ShellScript */ = {
			isa = PBXShellScriptBuildPhase;
			buildActionMask = 2147483647;
			files = (
			);
			inputPaths = (
			);
			outputPaths = (
			);
			runOnlyForDeploymentPostprocessing = 0;
			shellPath = /bin/sh;
			shellScript = "# Run the unit tests in this test bundle.\n\"${SYSTEM_DEVELOPER_DIR}/Tools/RunUnitTests\"\n";
		};
		77F4337B16F28A0D0092402F /* ShellScript */ = {
			isa = PBXShellScriptBuildPhase;
			buildActionMask = 2147483647;
			files = (
			);
			inputPaths = (
			);
			outputPaths = (
			);
			runOnlyForDeploymentPostprocessing = 0;
			shellPath = /bin/sh;
			shellScript = "# Run the unit tests in this test bundle.\n\"${SYSTEM_DEVELOPER_DIR}/Tools/RunUnitTests\"\n";
		};
		CB884CE002E034875F9319FF /* [CP] Check Pods Manifest.lock */ = {
			isa = PBXShellScriptBuildPhase;
			buildActionMask = 2147483647;
			files = (
			);
			inputFileListPaths = (
			);
			inputPaths = (
				"${PODS_PODFILE_DIR_PATH}/Podfile.lock",
				"${PODS_ROOT}/Manifest.lock",
			);
			name = "[CP] Check Pods Manifest.lock";
			outputFileListPaths = (
			);
			outputPaths = (
				"$(DERIVED_FILE_DIR)/Pods-SudokuTests-checkManifestLockResult.txt",
			);
			runOnlyForDeploymentPostprocessing = 0;
			shellPath = /bin/sh;
			shellScript = "diff \"${PODS_PODFILE_DIR_PATH}/Podfile.lock\" \"${PODS_ROOT}/Manifest.lock\" > /dev/null\nif [ $? != 0 ] ; then\n    # print error to STDERR\n    echo \"error: The sandbox is not in sync with the Podfile.lock. Run 'pod install' or update your CocoaPods installation.\" >&2\n    exit 1\nfi\n# This output is used by Xcode 'outputs' to avoid re-running this script phase.\necho \"SUCCESS\" > \"${SCRIPT_OUTPUT_FILE_0}\"\n";
			showEnvVarsInLog = 0;
		};
		DB92AF468D965EC88388ADA4 /* [CP] Embed Pods Frameworks */ = {
			isa = PBXShellScriptBuildPhase;
			buildActionMask = 2147483647;
			files = (
			);
			inputPaths = (
				"${PODS_ROOT}/Target Support Files/Pods-Sudoku/Pods-Sudoku-frameworks.sh",
				"${BUILT_PRODUCTS_DIR}/DSFToggleButton/DSFToggleButton.framework",
			);
			name = "[CP] Embed Pods Frameworks";
			outputPaths = (
				"${TARGET_BUILD_DIR}/${FRAMEWORKS_FOLDER_PATH}/DSFToggleButton.framework",
			);
			runOnlyForDeploymentPostprocessing = 0;
			shellPath = /bin/sh;
			shellScript = "\"${PODS_ROOT}/Target Support Files/Pods-Sudoku/Pods-Sudoku-frameworks.sh\"\n";
			showEnvVarsInLog = 0;
		};
		F5B87DBBC17A93BBB3336516 /* [CP] Check Pods Manifest.lock */ = {
			isa = PBXShellScriptBuildPhase;
			buildActionMask = 2147483647;
			files = (
			);
			inputFileListPaths = (
			);
			inputPaths = (
				"${PODS_PODFILE_DIR_PATH}/Podfile.lock",
				"${PODS_ROOT}/Manifest.lock",
			);
			name = "[CP] Check Pods Manifest.lock";
			outputFileListPaths = (
			);
			outputPaths = (
				"$(DERIVED_FILE_DIR)/Pods-Sudoku-checkManifestLockResult.txt",
			);
			runOnlyForDeploymentPostprocessing = 0;
			shellPath = /bin/sh;
			shellScript = "diff \"${PODS_PODFILE_DIR_PATH}/Podfile.lock\" \"${PODS_ROOT}/Manifest.lock\" > /dev/null\nif [ $? != 0 ] ; then\n    # print error to STDERR\n    echo \"error: The sandbox is not in sync with the Podfile.lock. Run 'pod install' or update your CocoaPods installation.\" >&2\n    exit 1\nfi\n# This output is used by Xcode 'outputs' to avoid re-running this script phase.\necho \"SUCCESS\" > \"${SCRIPT_OUTPUT_FILE_0}\"\n";
			showEnvVarsInLog = 0;
		};
/* End PBXShellScriptBuildPhase section */

/* Begin PBXSourcesBuildPhase section */
		7787D1C816FD1A59006BC582 /* Sources */ = {
			isa = PBXSourcesBuildPhase;
			buildActionMask = 2147483647;
			files = (
				7787D1D716FD1A59006BC582 /* main.m in Sources */,
				7787D1DB16FD1A59006BC582 /* SudokuiOSAppDelegate.mm in Sources */,
				7787D1E416FD1A59006BC582 /* SudokuiOSViewController.mm in Sources */,
				7794B65D16FE7AA500786069 /* qqwing.cpp in Sources */,
				776D966C16FD1A9A00699C4E /* SudokuiOSView.mm in Sources */,
				776D966F16FD1AB500699C4E /* SudokuiOSModel.mm in Sources */,
			);
			runOnlyForDeploymentPostprocessing = 0;
		};
		7787D1EB16FD1A59006BC582 /* Sources */ = {
			isa = PBXSourcesBuildPhase;
			buildActionMask = 2147483647;
			files = (
				7787D1FE16FD1A59006BC582 /* SudokuiOSTests.m in Sources */,
			);
			runOnlyForDeploymentPostprocessing = 0;
		};
		77F4335916F28A0D0092402F /* Sources */ = {
			isa = PBXSourcesBuildPhase;
			buildActionMask = 2147483647;
			files = (
				62CBD00325A44DC10099BFE0 /* NineGridButton.m in Sources */,
				62CBCFFF25A42BE60099BFE0 /* FlatButton.swift in Sources */,
				77F4336D16F28A0D0092402F /* main.m in Sources */,
				77F4337416F28A0D0092402F /* RKAppDelegate.mm in Sources */,
				77F433A316F28BEB0092402F /* qqwing.cpp in Sources */,
				77F433A716F28CE20092402F /* SudokuModel.mm in Sources */,
				77F433B616F294D10092402F /* SudokuView.mm in Sources */,
				62CBD00725A456590099BFE0 /* Util.m in Sources */,
			);
			runOnlyForDeploymentPostprocessing = 0;
		};
		77F4337816F28A0D0092402F /* Sources */ = {
			isa = PBXSourcesBuildPhase;
			buildActionMask = 2147483647;
			files = (
				77F4338B16F28A0D0092402F /* SudokuTests.m in Sources */,
				77F433A416F28BEB0092402F /* qqwing.cpp in Sources */,
				77F433A816F28CE20092402F /* SudokuModel.mm in Sources */,
				77F433B716F294D10092402F /* SudokuView.mm in Sources */,
			);
			runOnlyForDeploymentPostprocessing = 0;
		};
/* End PBXSourcesBuildPhase section */

/* Begin PBXTargetDependency section */
		7787D1F516FD1A59006BC582 /* PBXTargetDependency */ = {
			isa = PBXTargetDependency;
			target = 7787D1CB16FD1A59006BC582 /* SudokuiOS */;
			targetProxy = 7787D1F416FD1A59006BC582 /* PBXContainerItemProxy */;
		};
		77F4338216F28A0D0092402F /* PBXTargetDependency */ = {
			isa = PBXTargetDependency;
			target = 77F4335C16F28A0D0092402F /* Sudoku */;
			targetProxy = 77F4338116F28A0D0092402F /* PBXContainerItemProxy */;
		};
/* End PBXTargetDependency section */

/* Begin PBXVariantGroup section */
		7787D1D316FD1A59006BC582 /* InfoPlist.strings */ = {
			isa = PBXVariantGroup;
			children = (
				7787D1D416FD1A59006BC582 /* en */,
			);
			name = InfoPlist.strings;
			sourceTree = "<group>";
		};
		7787D1E516FD1A59006BC582 /* SudokuiOSViewController_iPhone.xib */ = {
			isa = PBXVariantGroup;
			children = (
				7787D1E616FD1A59006BC582 /* en */,
			);
			name = SudokuiOSViewController_iPhone.xib;
			sourceTree = "<group>";
		};
		7787D1E816FD1A59006BC582 /* SudokuiOSViewController_iPad.xib */ = {
			isa = PBXVariantGroup;
			children = (
				7787D1E916FD1A59006BC582 /* en */,
			);
			name = SudokuiOSViewController_iPad.xib;
			sourceTree = "<group>";
		};
		7787D1F916FD1A59006BC582 /* InfoPlist.strings */ = {
			isa = PBXVariantGroup;
			children = (
				7787D1FA16FD1A59006BC582 /* en */,
			);
			name = InfoPlist.strings;
			sourceTree = "<group>";
		};
		77F4336916F28A0D0092402F /* InfoPlist.strings */ = {
			isa = PBXVariantGroup;
			children = (
				77F4336A16F28A0D0092402F /* en */,
			);
			name = InfoPlist.strings;
			sourceTree = "<group>";
		};
		77F4336F16F28A0D0092402F /* Credits.rtf */ = {
			isa = PBXVariantGroup;
			children = (
				77F4337016F28A0D0092402F /* en */,
			);
			name = Credits.rtf;
			sourceTree = "<group>";
		};
		77F4337516F28A0D0092402F /* MainMenu.xib */ = {
			isa = PBXVariantGroup;
			children = (
				77F4337616F28A0D0092402F /* en */,
			);
			name = MainMenu.xib;
			sourceTree = "<group>";
		};
		77F4338616F28A0D0092402F /* InfoPlist.strings */ = {
			isa = PBXVariantGroup;
			children = (
				77F4338716F28A0D0092402F /* en */,
			);
			name = InfoPlist.strings;
			sourceTree = "<group>";
		};
/* End PBXVariantGroup section */

/* Begin XCBuildConfiguration section */
		7787D1FF16FD1A59006BC582 /* Debug */ = {
			isa = XCBuildConfiguration;
			baseConfigurationReference = FD95EFF727B0026EFDE6AF7E /* Pods-SudokuiOS.debug.xcconfig */;
			buildSettings = {
				ARCHS = "$(ARCHS_STANDARD)";
				ASSETCATALOG_COMPILER_APPICON_NAME = AppIcon;
				ASSETCATALOG_COMPILER_LAUNCHIMAGE_NAME = LaunchImage;
				"CODE_SIGN_IDENTITY[sdk=iphoneos*]" = "iPhone Developer";
				FRAMEWORK_SEARCH_PATHS = (
					"$(inherited)",
					"\"$(SYSTEM_APPS_DIR)/Xcode.app/Contents/Developer/Library/Frameworks\"",
				);
				GCC_PRECOMPILE_PREFIX_HEADER = YES;
				GCC_PREFIX_HEADER = "SudokuiOS/SudokuiOS-Prefix.pch";
				GCC_VERSION = "";
				INFOPLIST_FILE = "SudokuiOS/SudokuiOS-Info.plist";
				IPHONEOS_DEPLOYMENT_TARGET = 8.0;
				ONLY_ACTIVE_ARCH = NO;
				PRODUCT_NAME = "$(TARGET_NAME)";
				SDKROOT = iphoneos;
				SUPPORTED_PLATFORMS = "iphonesimulator iphoneos";
				TARGETED_DEVICE_FAMILY = "1,2";
				WRAPPER_EXTENSION = app;
			};
			name = Debug;
		};
		7787D20016FD1A59006BC582 /* Release */ = {
			isa = XCBuildConfiguration;
			baseConfigurationReference = 1867292D95C53FAA68EA3633 /* Pods-SudokuiOS.release.xcconfig */;
			buildSettings = {
				ARCHS = "$(ARCHS_STANDARD)";
				ASSETCATALOG_COMPILER_APPICON_NAME = AppIcon;
				ASSETCATALOG_COMPILER_LAUNCHIMAGE_NAME = LaunchImage;
				"CODE_SIGN_IDENTITY[sdk=iphoneos*]" = "iPhone Developer";
				FRAMEWORK_SEARCH_PATHS = (
					"$(inherited)",
					"\"$(SYSTEM_APPS_DIR)/Xcode.app/Contents/Developer/Library/Frameworks\"",
				);
				GCC_PRECOMPILE_PREFIX_HEADER = YES;
				GCC_PREFIX_HEADER = "SudokuiOS/SudokuiOS-Prefix.pch";
				GCC_VERSION = "";
				INFOPLIST_FILE = "SudokuiOS/SudokuiOS-Info.plist";
				IPHONEOS_DEPLOYMENT_TARGET = 8.0;
				ONLY_ACTIVE_ARCH = NO;
				OTHER_CFLAGS = "-DNS_BLOCK_ASSERTIONS=1";
				PRODUCT_NAME = "$(TARGET_NAME)";
				SDKROOT = iphoneos;
				SUPPORTED_PLATFORMS = "iphonesimulator iphoneos";
				TARGETED_DEVICE_FAMILY = "1,2";
				VALIDATE_PRODUCT = YES;
				WRAPPER_EXTENSION = app;
			};
			name = Release;
		};
		7787D20116FD1A59006BC582 /* Debug */ = {
			isa = XCBuildConfiguration;
			baseConfigurationReference = 67EAC248159231A31EC9044F /* Pods-SudokuiOSTests.debug.xcconfig */;
			buildSettings = {
				BUNDLE_LOADER = "$(BUILT_PRODUCTS_DIR)/SudokuiOS.app/SudokuiOS";
				FRAMEWORK_SEARCH_PATHS = (
					"\"$(SDKROOT)/Developer/Library/Frameworks\"",
					"\"$(DEVELOPER_LIBRARY_DIR)/Frameworks\"",
				);
				GCC_PRECOMPILE_PREFIX_HEADER = YES;
				GCC_PREFIX_HEADER = "SudokuiOS/SudokuiOS-Prefix.pch";
				INFOPLIST_FILE = "SudokuiOSTests/SudokuiOSTests-Info.plist";
				IPHONEOS_DEPLOYMENT_TARGET = 6.1;
				PRODUCT_NAME = "$(TARGET_NAME)";
				SDKROOT = iphoneos;
				TEST_HOST = "$(BUNDLE_LOADER)";
				WRAPPER_EXTENSION = octest;
			};
			name = Debug;
		};
		7787D20216FD1A59006BC582 /* Release */ = {
			isa = XCBuildConfiguration;
			baseConfigurationReference = 14F43350C73AE72D6581526B /* Pods-SudokuiOSTests.release.xcconfig */;
			buildSettings = {
				BUNDLE_LOADER = "$(BUILT_PRODUCTS_DIR)/SudokuiOS.app/SudokuiOS";
				FRAMEWORK_SEARCH_PATHS = (
					"\"$(SDKROOT)/Developer/Library/Frameworks\"",
					"\"$(DEVELOPER_LIBRARY_DIR)/Frameworks\"",
				);
				GCC_PRECOMPILE_PREFIX_HEADER = YES;
				GCC_PREFIX_HEADER = "SudokuiOS/SudokuiOS-Prefix.pch";
				INFOPLIST_FILE = "SudokuiOSTests/SudokuiOSTests-Info.plist";
				IPHONEOS_DEPLOYMENT_TARGET = 6.1;
				PRODUCT_NAME = "$(TARGET_NAME)";
				SDKROOT = iphoneos;
				TEST_HOST = "$(BUNDLE_LOADER)";
				VALIDATE_PRODUCT = YES;
				WRAPPER_EXTENSION = octest;
			};
			name = Release;
		};
		77F4338C16F28A0D0092402F /* Debug */ = {
			isa = XCBuildConfiguration;
			buildSettings = {
				ALWAYS_SEARCH_USER_PATHS = NO;
				ARCHS = "$(ARCHS_STANDARD_64_BIT)";
				CLANG_CXX_LANGUAGE_STANDARD = "gnu++0x";
				CLANG_CXX_LIBRARY = "libc++";
				CLANG_WARN_CONSTANT_CONVERSION = YES;
				CLANG_WARN_EMPTY_BODY = YES;
				CLANG_WARN_ENUM_CONVERSION = YES;
				CLANG_WARN_INT_CONVERSION = YES;
				CLANG_WARN__DUPLICATE_METHOD_MATCH = YES;
				COPY_PHASE_STRIP = NO;
				GCC_C_LANGUAGE_STANDARD = gnu99;
				GCC_DYNAMIC_NO_PIC = NO;
				GCC_ENABLE_OBJC_EXCEPTIONS = YES;
				GCC_OPTIMIZATION_LEVEL = 0;
				GCC_PREPROCESSOR_DEFINITIONS = (
					"DEBUG=1",
					"$(inherited)",
				);
				GCC_SYMBOLS_PRIVATE_EXTERN = NO;
				GCC_WARN_64_TO_32_BIT_CONVERSION = YES;
				GCC_WARN_ABOUT_RETURN_TYPE = YES;
				GCC_WARN_UNINITIALIZED_AUTOS = YES;
				GCC_WARN_UNUSED_VARIABLE = YES;
				MACOSX_DEPLOYMENT_TARGET = 10.8;
				ONLY_ACTIVE_ARCH = YES;
				SDKROOT = macosx;
			};
			name = Debug;
		};
		77F4338D16F28A0D0092402F /* Release */ = {
			isa = XCBuildConfiguration;
			buildSettings = {
				ALWAYS_SEARCH_USER_PATHS = NO;
				ARCHS = "$(ARCHS_STANDARD_64_BIT)";
				CLANG_CXX_LANGUAGE_STANDARD = "gnu++0x";
				CLANG_CXX_LIBRARY = "libc++";
				CLANG_WARN_CONSTANT_CONVERSION = YES;
				CLANG_WARN_EMPTY_BODY = YES;
				CLANG_WARN_ENUM_CONVERSION = YES;
				CLANG_WARN_INT_CONVERSION = YES;
				CLANG_WARN__DUPLICATE_METHOD_MATCH = YES;
				COPY_PHASE_STRIP = YES;
				DEBUG_INFORMATION_FORMAT = "dwarf-with-dsym";
				GCC_C_LANGUAGE_STANDARD = gnu99;
				GCC_ENABLE_OBJC_EXCEPTIONS = YES;
				GCC_WARN_64_TO_32_BIT_CONVERSION = YES;
				GCC_WARN_ABOUT_RETURN_TYPE = YES;
				GCC_WARN_UNINITIALIZED_AUTOS = YES;
				GCC_WARN_UNUSED_VARIABLE = YES;
				MACOSX_DEPLOYMENT_TARGET = 10.8;
				SDKROOT = macosx;
			};
			name = Release;
		};
		77F4338F16F28A0D0092402F /* Debug */ = {
			isa = XCBuildConfiguration;
			baseConfigurationReference = AD10C0C3B1E1346701C89E1E /* Pods-Sudoku.debug.xcconfig */;
			buildSettings = {
				ALWAYS_SEARCH_USER_PATHS = NO;
				ASSETCATALOG_COMPILER_APPICON_NAME = AppIcon;
				CLANG_CXX_LANGUAGE_STANDARD = "gnu++0x";
				CLANG_ENABLE_MODULES = YES;
				COMBINE_HIDPI_IMAGES = YES;
				GCC_PRECOMPILE_PREFIX_HEADER = YES;
				GCC_PREFIX_HEADER = "Sudoku/Sudoku-Prefix.pch";
				INFOPLIST_FILE = "Sudoku/Sudoku-Info.plist";
				LD_RUNPATH_SEARCH_PATHS = "$(inherited) @executable_path/../Frameworks";
				MACOSX_DEPLOYMENT_TARGET = 10.9;
				PRODUCT_NAME = "$(TARGET_NAME)";
				SWIFT_OBJC_BRIDGING_HEADER = "Sudoku/Sudoku-Bridging-Header.h";
				SWIFT_OPTIMIZATION_LEVEL = "-Onone";
				SWIFT_VERSION = 4.2;
				WRAPPER_EXTENSION = app;
			};
			name = Debug;
		};
		77F4339016F28A0D0092402F /* Release */ = {
			isa = XCBuildConfiguration;
			baseConfigurationReference = B9E4BD106CF464AA383E23C3 /* Pods-Sudoku.release.xcconfig */;
			buildSettings = {
				ALWAYS_SEARCH_USER_PATHS = NO;
				ASSETCATALOG_COMPILER_APPICON_NAME = AppIcon;
				CLANG_CXX_LANGUAGE_STANDARD = "gnu++0x";
				CLANG_ENABLE_MODULES = YES;
				COMBINE_HIDPI_IMAGES = YES;
				GCC_PRECOMPILE_PREFIX_HEADER = YES;
				GCC_PREFIX_HEADER = "Sudoku/Sudoku-Prefix.pch";
				INFOPLIST_FILE = "Sudoku/Sudoku-Info.plist";
				LD_RUNPATH_SEARCH_PATHS = "$(inherited) @executable_path/../Frameworks";
				MACOSX_DEPLOYMENT_TARGET = 10.9;
				PRODUCT_NAME = "$(TARGET_NAME)";
				SWIFT_OBJC_BRIDGING_HEADER = "Sudoku/Sudoku-Bridging-Header.h";
				SWIFT_VERSION = 4.2;
				WRAPPER_EXTENSION = app;
			};
			name = Release;
		};
		77F4339216F28A0D0092402F /* Debug */ = {
			isa = XCBuildConfiguration;
			baseConfigurationReference = E340CFFE7A0BDEFC41D647B6 /* Pods-SudokuTests.debug.xcconfig */;
			buildSettings = {
				BUNDLE_LOADER = "$(BUILT_PRODUCTS_DIR)/Sudoku.app/Contents/MacOS/Sudoku";
				COMBINE_HIDPI_IMAGES = YES;
				FRAMEWORK_SEARCH_PATHS = "\"$(DEVELOPER_LIBRARY_DIR)/Frameworks\"";
				GCC_PRECOMPILE_PREFIX_HEADER = YES;
				GCC_PREFIX_HEADER = "Sudoku/Sudoku-Prefix.pch";
				INFOPLIST_FILE = "SudokuTests/SudokuTests-Info.plist";
				PRODUCT_NAME = "$(TARGET_NAME)";
				TEST_HOST = "$(BUNDLE_LOADER)";
				WRAPPER_EXTENSION = octest;
			};
			name = Debug;
		};
		77F4339316F28A0D0092402F /* Release */ = {
			isa = XCBuildConfiguration;
			baseConfigurationReference = CA77D7529DC82608A5FA6359 /* Pods-SudokuTests.release.xcconfig */;
			buildSettings = {
				BUNDLE_LOADER = "$(BUILT_PRODUCTS_DIR)/Sudoku.app/Contents/MacOS/Sudoku";
				COMBINE_HIDPI_IMAGES = YES;
				FRAMEWORK_SEARCH_PATHS = "\"$(DEVELOPER_LIBRARY_DIR)/Frameworks\"";
				GCC_PRECOMPILE_PREFIX_HEADER = YES;
				GCC_PREFIX_HEADER = "Sudoku/Sudoku-Prefix.pch";
				INFOPLIST_FILE = "SudokuTests/SudokuTests-Info.plist";
				PRODUCT_NAME = "$(TARGET_NAME)";
				TEST_HOST = "$(BUNDLE_LOADER)";
				WRAPPER_EXTENSION = octest;
			};
			name = Release;
		};
/* End XCBuildConfiguration section */

/* Begin XCConfigurationList section */
		7787D20316FD1A59006BC582 /* Build configuration list for PBXNativeTarget "SudokuiOS" */ = {
			isa = XCConfigurationList;
			buildConfigurations = (
				7787D1FF16FD1A59006BC582 /* Debug */,
				7787D20016FD1A59006BC582 /* Release */,
			);
			defaultConfigurationIsVisible = 0;
			defaultConfigurationName = Release;
		};
		7787D20416FD1A59006BC582 /* Build configuration list for PBXNativeTarget "SudokuiOSTests" */ = {
			isa = XCConfigurationList;
			buildConfigurations = (
				7787D20116FD1A59006BC582 /* Debug */,
				7787D20216FD1A59006BC582 /* Release */,
			);
			defaultConfigurationIsVisible = 0;
			defaultConfigurationName = Release;
		};
		77F4335816F28A0D0092402F /* Build configuration list for PBXProject "Sudoku" */ = {
			isa = XCConfigurationList;
			buildConfigurations = (
				77F4338C16F28A0D0092402F /* Debug */,
				77F4338D16F28A0D0092402F /* Release */,
			);
			defaultConfigurationIsVisible = 0;
			defaultConfigurationName = Release;
		};
		77F4338E16F28A0D0092402F /* Build configuration list for PBXNativeTarget "Sudoku" */ = {
			isa = XCConfigurationList;
			buildConfigurations = (
				77F4338F16F28A0D0092402F /* Debug */,
				77F4339016F28A0D0092402F /* Release */,
			);
			defaultConfigurationIsVisible = 0;
			defaultConfigurationName = Release;
		};
		77F4339116F28A0D0092402F /* Build configuration list for PBXNativeTarget "SudokuTests" */ = {
			isa = XCConfigurationList;
			buildConfigurations = (
				77F4339216F28A0D0092402F /* Debug */,
				77F4339316F28A0D0092402F /* Release */,
			);
			defaultConfigurationIsVisible = 0;
			defaultConfigurationName = Release;
		};
/* End XCConfigurationList section */
	};
	rootObject = 77F4335516F28A0D0092402F /* Project object */;
}
